PODS:
  - Netable (0.8.5)
  - ObjcExceptionBridging (1.0.1):
    - ObjcExceptionBridging/ObjcExceptionBridging (= 1.0.1)
  - ObjcExceptionBridging/ObjcExceptionBridging (1.0.1)
  - Sentry (5.0.2):
    - Sentry/Core (= 5.0.2)
  - Sentry/Core (5.0.2)
  - SteamcLog (0.2.0):
    - Sentry (~> 5)
    - SteamcLog/Netable (= 0.2.0)
    - XCGLogger (~> 7.0.1)
  - SteamcLog/Netable (0.2.0):
    - Netable
    - Sentry (~> 5)
    - XCGLogger (~> 7.0.1)
  - XCGLogger (7.0.1):
    - XCGLogger/Core (= 7.0.1)
  - XCGLogger/Core (7.0.1):
    - ObjcExceptionBridging

DEPENDENCIES:
  - SteamcLog (from `../`)

SPEC REPOS:
  trunk:
    - Netable
    - ObjcExceptionBridging
    - Sentry
    - XCGLogger

EXTERNAL SOURCES:
  SteamcLog:
    :path: "../"

SPEC CHECKSUMS:
  Netable: 5718fa2bf4b093596a094e72d88ee2a7535765f5
  ObjcExceptionBridging: c30e00eb3700467e695faeea30e26e18bd445001
  Sentry: 5cec6146fff65c11080f78e8128582727c076e12
  SteamcLog: 487c32950222a4e895ddb61a087e4da27d375dd1
  XCGLogger: 1943831ef907df55108b0b18657953f868de973b

PODFILE CHECKSUM: f7322690efbdc0be19cb8970c2314ea05ed5779d

COCOAPODS: 1.9.1
