// !$*UTF8*$!
{
	archiveVersion = 1;
	classes = {
	};
	objectVersion = 52;
	objects = {

/* Begin PBXBuildFile section */
		B3FEF7EE2388541E008FD1DE /* AppDelegate.swift in Sources */ = {isa = PBXBuildFile; fileRef = B3FEF7ED2388541E008FD1DE /* AppDelegate.swift */; };
		B3FEF7F02388541E008FD1DE /* SceneDelegate.swift in Sources */ = {isa = PBXBuildFile; fileRef = B3FEF7EF2388541E008FD1DE /* SceneDelegate.swift */; };
		B3FEF7F22388541E008FD1DE /* ViewController.swift in Sources */ = {isa = PBXBuildFile; fileRef = B3FEF7F12388541E008FD1DE /* ViewController.swift */; };
		B3FEF7F52388541E008FD1DE /* Main.storyboard in Resources */ = {isa = PBXBuildFile; fileRef = B3FEF7F32388541E008FD1DE /* Main.storyboard */; };
		B3FEF7F723885420008FD1DE /* Assets.xcassets in Resources */ = {isa = PBXBuildFile; fileRef = B3FEF7F623885420008FD1DE /* Assets.xcassets */; };
		B3FEF7FA23885420008FD1DE /* LaunchScreen.storyboard in Resources */ = {isa = PBXBuildFile; fileRef = B3FEF7F823885420008FD1DE /* LaunchScreen.storyboard */; };
		B3FEF80723885819008FD1DE /* SteamcLog in Frameworks */ = {isa = PBXBuildFile; productRef = B3FEF80623885819008FD1DE /* SteamcLog */; };
		B3FEF80F238867EE008FD1DE /* SimpleModel.swift in Sources */ = {isa = PBXBuildFile; fileRef = B3FEF80E238867EE008FD1DE /* SimpleModel.swift */; };
/* End PBXBuildFile section */

/* Begin PBXFileReference section */
		B3FEF7EA2388541E008FD1DE /* SteamcLogExample.app */ = {isa = PBXFileReference; explicitFileType = wrapper.application; includeInIndex = 0; path = SteamcLogExample.app; sourceTree = BUILT_PRODUCTS_DIR; };
		B3FEF7ED2388541E008FD1DE /* AppDelegate.swift */ = {isa = PBXFileReference; lastKnownFileType = sourcecode.swift; path = AppDelegate.swift; sourceTree = "<group>"; };
		B3FEF7EF2388541E008FD1DE /* SceneDelegate.swift */ = {isa = PBXFileReference; lastKnownFileType = sourcecode.swift; path = SceneDelegate.swift; sourceTree = "<group>"; };
		B3FEF7F12388541E008FD1DE /* ViewController.swift */ = {isa = PBXFileReference; lastKnownFileType = sourcecode.swift; path = ViewController.swift; sourceTree = "<group>"; };
		B3FEF7F42388541E008FD1DE /* Base */ = {isa = PBXFileReference; lastKnownFileType = file.storyboard; name = Base; path = Base.lproj/Main.storyboard; sourceTree = "<group>"; };
		B3FEF7F623885420008FD1DE /* Assets.xcassets */ = {isa = PBXFileReference; lastKnownFileType = folder.assetcatalog; path = Assets.xcassets; sourceTree = "<group>"; };
		B3FEF7F923885420008FD1DE /* Base */ = {isa = PBXFileReference; lastKnownFileType = file.storyboard; name = Base; path = Base.lproj/LaunchScreen.storyboard; sourceTree = "<group>"; };
		B3FEF7FB23885420008FD1DE /* Info.plist */ = {isa = PBXFileReference; lastKnownFileType = text.plist.xml; name = Info.plist; path = ../Info.plist; sourceTree = "<group>"; };
		B3FEF80423885803008FD1DE /* SteamcLog */ = {isa = PBXFileReference; lastKnownFileType = folder; path = SteamcLog; sourceTree = "<group>"; };
		B3FEF80E238867EE008FD1DE /* SimpleModel.swift */ = {isa = PBXFileReference; lastKnownFileType = sourcecode.swift; path = SimpleModel.swift; sourceTree = "<group>"; };
/* End PBXFileReference section */

/* Begin PBXFrameworksBuildPhase section */
		B3FEF7E72388541E008FD1DE /* Frameworks */ = {
			isa = PBXFrameworksBuildPhase;
			buildActionMask = 2147483647;
			files = (
				B3FEF80723885819008FD1DE /* SteamcLog in Frameworks */,
			);
			runOnlyForDeploymentPostprocessing = 0;
		};
/* End PBXFrameworksBuildPhase section */

/* Begin PBXGroup section */
		B3FEF7E12388541E008FD1DE = {
			isa = PBXGroup;
			children = (
				B3FEF80423885803008FD1DE /* SteamcLog */,
				B3FEF7EC2388541E008FD1DE /* SteamcLogExample */,
				B3FEF7EB2388541E008FD1DE /* Products */,
				B3FEF80523885819008FD1DE /* Frameworks */,
			);
			sourceTree = "<group>";
		};
		B3FEF7EB2388541E008FD1DE /* Products */ = {
			isa = PBXGroup;
			children = (
				B3FEF7EA2388541E008FD1DE /* SteamcLogExample.app */,
			);
			name = Products;
			sourceTree = "<group>";
		};
		B3FEF7EC2388541E008FD1DE /* SteamcLogExample */ = {
			isa = PBXGroup;
			children = (
				B3FEF7F823885420008FD1DE /* LaunchScreen.storyboard */,
				B3FEF7F32388541E008FD1DE /* Main.storyboard */,
				B3FEF80D238867E4008FD1DE /* Model */,
				B3FEF80B2388676B008FD1DE /* VC */,
				B3FEF80A23886757008FD1DE /* Resources */,
			);
			path = SteamcLogExample;
			sourceTree = "<group>";
		};
		B3FEF80523885819008FD1DE /* Frameworks */ = {
			isa = PBXGroup;
			children = (
			);
			name = Frameworks;
			sourceTree = "<group>";
		};
		B3FEF80A23886757008FD1DE /* Resources */ = {
			isa = PBXGroup;
			children = (
				B3FEF7ED2388541E008FD1DE /* AppDelegate.swift */,
				B3FEF7F623885420008FD1DE /* Assets.xcassets */,
				B3FEF7FB23885420008FD1DE /* Info.plist */,
				B3FEF7EF2388541E008FD1DE /* SceneDelegate.swift */,
			);
			path = Resources;
			sourceTree = "<group>";
		};
		B3FEF80B2388676B008FD1DE /* VC */ = {
			isa = PBXGroup;
			children = (
				B3FEF7F12388541E008FD1DE /* ViewController.swift */,
			);
			path = VC;
			sourceTree = "<group>";
		};
		B3FEF80D238867E4008FD1DE /* Model */ = {
			isa = PBXGroup;
			children = (
				B3FEF80E238867EE008FD1DE /* SimpleModel.swift */,
			);
			path = Model;
			sourceTree = "<group>";
		};
/* End PBXGroup section */

/* Begin PBXNativeTarget section */
		B3FEF7E92388541E008FD1DE /* SteamcLogExample */ = {
			isa = PBXNativeTarget;
			buildConfigurationList = B3FEF7FE23885420008FD1DE /* Build configuration list for PBXNativeTarget "SteamcLogExample" */;
			buildPhases = (
				B3FEF7E62388541E008FD1DE /* Sources */,
				B3FEF7E72388541E008FD1DE /* Frameworks */,
				B3FEF7E82388541E008FD1DE /* Resources */,
			);
			buildRules = (
			);
			dependencies = (
			);
			name = SteamcLogExample;
			packageProductDependencies = (
				B3FEF80623885819008FD1DE /* SteamcLog */,
			);
			productName = SteamcLogExample;
			productReference = B3FEF7EA2388541E008FD1DE /* SteamcLogExample.app */;
			productType = "com.apple.product-type.application";
		};
/* End PBXNativeTarget section */

/* Begin PBXProject section */
		B3FEF7E22388541E008FD1DE /* Project object */ = {
			isa = PBXProject;
			attributes = {
				LastSwiftUpdateCheck = 1130;
				LastUpgradeCheck = 1130;
				ORGANIZATIONNAME = steamclock;
				TargetAttributes = {
					B3FEF7E92388541E008FD1DE = {
						CreatedOnToolsVersion = 11.3;
					};
				};
			};
			buildConfigurationList = B3FEF7E52388541E008FD1DE /* Build configuration list for PBXProject "SteamcLogExample" */;
			compatibilityVersion = "Xcode 9.3";
			developmentRegion = en;
			hasScannedForEncodings = 0;
			knownRegions = (
				en,
				Base,
			);
			mainGroup = B3FEF7E12388541E008FD1DE;
			productRefGroup = B3FEF7EB2388541E008FD1DE /* Products */;
			projectDirPath = "";
			projectRoot = "";
			targets = (
				B3FEF7E92388541E008FD1DE /* SteamcLogExample */,
			);
		};
/* End PBXProject section */

/* Begin PBXResourcesBuildPhase section */
		B3FEF7E82388541E008FD1DE /* Resources */ = {
			isa = PBXResourcesBuildPhase;
			buildActionMask = 2147483647;
			files = (
				B3FEF7FA23885420008FD1DE /* LaunchScreen.storyboard in Resources */,
				B3FEF7F723885420008FD1DE /* Assets.xcassets in Resources */,
				B3FEF7F52388541E008FD1DE /* Main.storyboard in Resources */,
			);
			runOnlyForDeploymentPostprocessing = 0;
		};
/* End PBXResourcesBuildPhase section */

/* Begin PBXSourcesBuildPhase section */
		B3FEF7E62388541E008FD1DE /* Sources */ = {
			isa = PBXSourcesBuildPhase;
			buildActionMask = 2147483647;
			files = (
				B3FEF7F22388541E008FD1DE /* ViewController.swift in Sources */,
				B3FEF80F238867EE008FD1DE /* SimpleModel.swift in Sources */,
				B3FEF7EE2388541E008FD1DE /* AppDelegate.swift in Sources */,
				B3FEF7F02388541E008FD1DE /* SceneDelegate.swift in Sources */,
			);
			runOnlyForDeploymentPostprocessing = 0;
		};
/* End PBXSourcesBuildPhase section */

/* Begin PBXVariantGroup section */
		B3FEF7F32388541E008FD1DE /* Main.storyboard */ = {
			isa = PBXVariantGroup;
			children = (
				B3FEF7F42388541E008FD1DE /* Base */,
			);
			name = Main.storyboard;
			sourceTree = "<group>";
		};
		B3FEF7F823885420008FD1DE /* LaunchScreen.storyboard */ = {
			isa = PBXVariantGroup;
			children = (
				B3FEF7F923885420008FD1DE /* Base */,
			);
			name = LaunchScreen.storyboard;
			sourceTree = "<group>";
		};
/* End PBXVariantGroup section */

/* Begin XCBuildConfiguration section */
		B3FEF7FC23885420008FD1DE /* Debug */ = {
			isa = XCBuildConfiguration;
			buildSettings = {
				ALWAYS_SEARCH_USER_PATHS = NO;
				CLANG_ANALYZER_NONNULL = YES;
				CLANG_ANALYZER_NUMBER_OBJECT_CONVERSION = YES_AGGRESSIVE;
				CLANG_CXX_LANGUAGE_STANDARD = "gnu++14";
				CLANG_CXX_LIBRARY = "libc++";
				CLANG_ENABLE_MODULES = YES;
				CLANG_ENABLE_OBJC_ARC = YES;
				CLANG_ENABLE_OBJC_WEAK = YES;
				CLANG_WARN_BLOCK_CAPTURE_AUTORELEASING = YES;
				CLANG_WARN_BOOL_CONVERSION = YES;
				CLANG_WARN_COMMA = YES;
				CLANG_WARN_CONSTANT_CONVERSION = YES;
				CLANG_WARN_DEPRECATED_OBJC_IMPLEMENTATIONS = YES;
				CLANG_WARN_DIRECT_OBJC_ISA_USAGE = YES_ERROR;
				CLANG_WARN_DOCUMENTATION_COMMENTS = YES;
				CLANG_WARN_EMPTY_BODY = YES;
				CLANG_WARN_ENUM_CONVERSION = YES;
				CLANG_WARN_INFINITE_RECURSION = YES;
				CLANG_WARN_INT_CONVERSION = YES;
				CLANG_WARN_NON_LITERAL_NULL_CONVERSION = YES;
				CLANG_WARN_OBJC_IMPLICIT_RETAIN_SELF = YES;
				CLANG_WARN_OBJC_LITERAL_CONVERSION = YES;
				CLANG_WARN_OBJC_ROOT_CLASS = YES_ERROR;
				CLANG_WARN_RANGE_LOOP_ANALYSIS = YES;
				CLANG_WARN_STRICT_PROTOTYPES = YES;
				CLANG_WARN_SUSPICIOUS_MOVE = YES;
				CLANG_WARN_UNGUARDED_AVAILABILITY = YES_AGGRESSIVE;
				CLANG_WARN_UNREACHABLE_CODE = YES;
				CLANG_WARN__DUPLICATE_METHOD_MATCH = YES;
				COPY_PHASE_STRIP = NO;
				DEBUG_INFORMATION_FORMAT = dwarf;
				ENABLE_STRICT_OBJC_MSGSEND = YES;
				ENABLE_TESTABILITY = YES;
				GCC_C_LANGUAGE_STANDARD = gnu11;
				GCC_DYNAMIC_NO_PIC = NO;
				GCC_NO_COMMON_BLOCKS = YES;
				GCC_OPTIMIZATION_LEVEL = 0;
				GCC_PREPROCESSOR_DEFINITIONS = (
					"DEBUG=1",
					"$(inherited)",
				);
				GCC_WARN_64_TO_32_BIT_CONVERSION = YES;
				GCC_WARN_ABOUT_RETURN_TYPE = YES_ERROR;
				GCC_WARN_UNDECLARED_SELECTOR = YES;
				GCC_WARN_UNINITIALIZED_AUTOS = YES_AGGRESSIVE;
				GCC_WARN_UNUSED_FUNCTION = YES;
				GCC_WARN_UNUSED_VARIABLE = YES;
				IPHONEOS_DEPLOYMENT_TARGET = 13.2;
				MTL_ENABLE_DEBUG_INFO = INCLUDE_SOURCE;
				MTL_FAST_MATH = YES;
				ONLY_ACTIVE_ARCH = YES;
				SDKROOT = iphoneos;
				SWIFT_ACTIVE_COMPILATION_CONDITIONS = DEBUG;
				SWIFT_OPTIMIZATION_LEVEL = "-Onone";
			};
			name = Debug;
		};
		B3FEF7FD23885420008FD1DE /* Release */ = {
			isa = XCBuildConfiguration;
			buildSettings = {
				ALWAYS_SEARCH_USER_PATHS = NO;
				CLANG_ANALYZER_NONNULL = YES;
				CLANG_ANALYZER_NUMBER_OBJECT_CONVERSION = YES_AGGRESSIVE;
				CLANG_CXX_LANGUAGE_STANDARD = "gnu++14";
				CLANG_CXX_LIBRARY = "libc++";
				CLANG_ENABLE_MODULES = YES;
				CLANG_ENABLE_OBJC_ARC = YES;
				CLANG_ENABLE_OBJC_WEAK = YES;
				CLANG_WARN_BLOCK_CAPTURE_AUTORELEASING = YES;
				CLANG_WARN_BOOL_CONVERSION = YES;
				CLANG_WARN_COMMA = YES;
				CLANG_WARN_CONSTANT_CONVERSION = YES;
				CLANG_WARN_DEPRECATED_OBJC_IMPLEMENTATIONS = YES;
				CLANG_WARN_DIRECT_OBJC_ISA_USAGE = YES_ERROR;
				CLANG_WARN_DOCUMENTATION_COMMENTS = YES;
				CLANG_WARN_EMPTY_BODY = YES;
				CLANG_WARN_ENUM_CONVERSION = YES;
				CLANG_WARN_INFINITE_RECURSION = YES;
				CLANG_WARN_INT_CONVERSION = YES;
				CLANG_WARN_NON_LITERAL_NULL_CONVERSION = YES;
				CLANG_WARN_OBJC_IMPLICIT_RETAIN_SELF = YES;
				CLANG_WARN_OBJC_LITERAL_CONVERSION = YES;
				CLANG_WARN_OBJC_ROOT_CLASS = YES_ERROR;
				CLANG_WARN_RANGE_LOOP_ANALYSIS = YES;
				CLANG_WARN_STRICT_PROTOTYPES = YES;
				CLANG_WARN_SUSPICIOUS_MOVE = YES;
				CLANG_WARN_UNGUARDED_AVAILABILITY = YES_AGGRESSIVE;
				CLANG_WARN_UNREACHABLE_CODE = YES;
				CLANG_WARN__DUPLICATE_METHOD_MATCH = YES;
				COPY_PHASE_STRIP = NO;
				DEBUG_INFORMATION_FORMAT = "dwarf-with-dsym";
				ENABLE_NS_ASSERTIONS = NO;
				ENABLE_STRICT_OBJC_MSGSEND = YES;
				GCC_C_LANGUAGE_STANDARD = gnu11;
				GCC_NO_COMMON_BLOCKS = YES;
				GCC_WARN_64_TO_32_BIT_CONVERSION = YES;
				GCC_WARN_ABOUT_RETURN_TYPE = YES_ERROR;
				GCC_WARN_UNDECLARED_SELECTOR = YES;
				GCC_WARN_UNINITIALIZED_AUTOS = YES_AGGRESSIVE;
				GCC_WARN_UNUSED_FUNCTION = YES;
				GCC_WARN_UNUSED_VARIABLE = YES;
				IPHONEOS_DEPLOYMENT_TARGET = 13.2;
				MTL_ENABLE_DEBUG_INFO = NO;
				MTL_FAST_MATH = YES;
				SDKROOT = iphoneos;
				SWIFT_COMPILATION_MODE = wholemodule;
				SWIFT_OPTIMIZATION_LEVEL = "-O";
				VALIDATE_PRODUCT = YES;
			};
			name = Release;
		};
		B3FEF7FF23885420008FD1DE /* Debug */ = {
			isa = XCBuildConfiguration;
			buildSettings = {
				ASSETCATALOG_COMPILER_APPICON_NAME = AppIcon;
				CODE_SIGN_STYLE = Automatic;
				DEVELOPMENT_TEAM = GH868RP95T;
				INFOPLIST_FILE = SteamcLogExample/Info.plist;
				LD_RUNPATH_SEARCH_PATHS = (
					"$(inherited)",
					"@executable_path/Frameworks",
				);
				PRODUCT_BUNDLE_IDENTIFIER = com.steamclock.SteamcLogExample;
				PRODUCT_NAME = "$(TARGET_NAME)";
				SWIFT_VERSION = 5.0;
				TARGETED_DEVICE_FAMILY = "1,2";
			};
			name = Debug;
		};
		B3FEF80023885420008FD1DE /* Release */ = {
			isa = XCBuildConfiguration;
			buildSettings = {
				ASSETCATALOG_COMPILER_APPICON_NAME = AppIcon;
				CODE_SIGN_STYLE = Automatic;
				DEVELOPMENT_TEAM = GH868RP95T;
				INFOPLIST_FILE = SteamcLogExample/Info.plist;
				LD_RUNPATH_SEARCH_PATHS = (
					"$(inherited)",
					"@executable_path/Frameworks",
				);
				PRODUCT_BUNDLE_IDENTIFIER = com.steamclock.SteamcLogExample;
				PRODUCT_NAME = "$(TARGET_NAME)";
				SWIFT_VERSION = 5.0;
				TARGETED_DEVICE_FAMILY = "1,2";
			};
			name = Release;
		};
/* End XCBuildConfiguration section */

/* Begin XCConfigurationList section */
		B3FEF7E52388541E008FD1DE /* Build configuration list for PBXProject "SteamcLogExample" */ = {
			isa = XCConfigurationList;
			buildConfigurations = (
				B3FEF7FC23885420008FD1DE /* Debug */,
				B3FEF7FD23885420008FD1DE /* Release */,
			);
			defaultConfigurationIsVisible = 0;
			defaultConfigurationName = Release;
		};
		B3FEF7FE23885420008FD1DE /* Build configuration list for PBXNativeTarget "SteamcLogExample" */ = {
			isa = XCConfigurationList;
			buildConfigurations = (
				B3FEF7FF23885420008FD1DE /* Debug */,
				B3FEF80023885420008FD1DE /* Release */,
			);
			defaultConfigurationIsVisible = 0;
			defaultConfigurationName = Release;
		};
/* End XCConfigurationList section */

/* Begin XCSwiftPackageProductDependency section */
		B3FEF80623885819008FD1DE /* SteamcLog */ = {
			isa = XCSwiftPackageProductDependency;
			productName = SteamcLog;
		};
/* End XCSwiftPackageProductDependency section */
	};
	rootObject = B3FEF7E22388541E008FD1DE /* Project object */;
}
